
Microsoft Visual Studio Solution File, Format Version 12.00
# Visual Studio Version 16
VisualStudioVersion = 16.0.30413.136
MinimumVisualStudioVersion = 10.0.40219.1
Project("{FAE04EC0-301F-11D3-BF4B-00C04F79EFBC}") = "Lab9 Refactoring", "Lab9 Refactoring.csproj", "{EFB2002D-512A-4E18-9AC0-2D32C73776C6}"
EndProject
Global
	GlobalSection(SolutionConfigurationPlatforms) = preSolution
		Debug|Any CPU = Debug|Any CPU
		Release|Any CPU = Release|Any CPU
	EndGlobalSection
	GlobalSection(ProjectConfigurationPlatforms) = postSolution
		{EFB2002D-512A-4E18-9AC0-2D32C73776C6}.Debug|Any CPU.ActiveCfg = Debug|Any CPU
		{EFB2002D-512A-4E18-9AC0-2D32C73776C6}.Debug|Any CPU.Build.0 = Debug|Any CPU
		{EFB2002D-512A-4E18-9AC0-2D32C73776C6}.Release|Any CPU.ActiveCfg = Release|Any CPU
		{EFB2002D-512A-4E18-9AC0-2D32C73776C6}.Release|Any CPU.Build.0 = Release|Any CPU
	EndGlobalSection
	GlobalSection(SolutionProperties) = preSolution
		HideSolutionNode = FALSE
	EndGlobalSection
	GlobalSection(ExtensibilityGlobals) = postSolution
		SolutionGuid = {7B9B2674-5D43-470F-A927-4A3B65AFA494}
	EndGlobalSection
EndGlobal
